{
  "name": "generate-career-analysis",
  "version": "1.0.0",
  "lockfileVersion": 3,
  "requires": true,
  "packages": {
    "": {
      "name": "generate-career-analysis",
      "version": "1.0.0",
      "dependencies": {
        "generate-career-analysis": "file:"
      }
    },
    "node_modules/generate-career-analysis": {
      "version": "1.0.0",
      "resolved": "file:",
      "dependencies": {
        "generate-career-analysis": "file:"
      }
    }
  }
}
